
Microsoft Visual Studio Solution File, Format Version 12.00
# Visual Studio Version 16
VisualStudioVersion = 16.0.31624.102
MinimumVisualStudioVersion = 10.0.40219.1
Project("{FAE04EC0-301F-11D3-BF4B-00C04F79EFBC}") = "Topic_8_Biblioteka", "Topic_8_Biblioteka.csproj", "{BB2DFC6A-ADBC-42D1-B9FD-6A29607C5108}"
EndProject
Project("{FAE04EC0-301F-11D3-BF4B-00C04F79EFBC}") = "Library", "..\Library\Library.csproj", "{F16BF806-75C3-4ADA-8117-0454FC063A5E}"
EndProject
Global
	GlobalSection(SolutionConfigurationPlatforms) = preSolution
		Debug|Any CPU = Debug|Any CPU
		Release|Any CPU = Release|Any CPU
	EndGlobalSection
	GlobalSection(ProjectConfigurationPlatforms) = postSolution
		{BB2DFC6A-ADBC-42D1-B9FD-6A29607C5108}.Debug|Any CPU.ActiveCfg = Debug|Any CPU
		{BB2DFC6A-ADBC-42D1-B9FD-6A29607C5108}.Debug|Any CPU.Build.0 = Debug|Any CPU
		{BB2DFC6A-ADBC-42D1-B9FD-6A29607C5108}.Release|Any CPU.ActiveCfg = Release|Any CPU
		{BB2DFC6A-ADBC-42D1-B9FD-6A29607C5108}.Release|Any CPU.Build.0 = Release|Any CPU
		{F16BF806-75C3-4ADA-8117-0454FC063A5E}.Debug|Any CPU.ActiveCfg = Debug|Any CPU
		{F16BF806-75C3-4ADA-8117-0454FC063A5E}.Debug|Any CPU.Build.0 = Debug|Any CPU
		{F16BF806-75C3-4ADA-8117-0454FC063A5E}.Release|Any CPU.ActiveCfg = Release|Any CPU
		{F16BF806-75C3-4ADA-8117-0454FC063A5E}.Release|Any CPU.Build.0 = Release|Any CPU
	EndGlobalSection
	GlobalSection(SolutionProperties) = preSolution
		HideSolutionNode = FALSE
	EndGlobalSection
	GlobalSection(ExtensibilityGlobals) = postSolution
		SolutionGuid = {E2E6AE82-13ED-4A69-9B3C-E688638F7EA0}
	EndGlobalSection
EndGlobal
